
Microsoft Visual Studio Solution File, Format Version 12.00
Project("{2150E333-8FDC-42A3-9474-1A3956D46DE8}") = "src", "src", "{004C9FC3-ECE5-4959-99D2-550B0FC98815}"
EndProject
Project("{2150E333-8FDC-42A3-9474-1A3956D46DE8}") = "tests", "tests", "{789B29BC-ABF9-456C-84EA-45A71A7C1DB8}"
EndProject
Project("{FAE04EC0-301F-11D3-BF4B-00C04F79EFBC}") = "AreaCalculator", "AreaCalculator\AreaCalculator.csproj", "{038A500C-8A14-4D03-9370-09670887E92B}"
EndProject
Project("{2150E333-8FDC-42A3-9474-1A3956D46DE8}") = "Samples", "Samples", "{260C58EA-CAD9-4A1E-9C1C-014DD6270628}"
EndProject
Project("{FAE04EC0-301F-11D3-BF4B-00C04F79EFBC}") = "AreaCalculator.Example", "AreaCalculator.Example\AreaCalculator.Example.csproj", "{C054E274-6B84-46A5-A0D0-03A49FD2DAD9}"
EndProject
Project("{FAE04EC0-301F-11D3-BF4B-00C04F79EFBC}") = "AreaCalculator.Shapes", "AreaCalculator.Shapes\AreaCalculator.Shapes.csproj", "{37CB9FF3-AAF8-4221-B322-4A4CADDC0F9B}"
EndProject
Global
	GlobalSection(SolutionConfigurationPlatforms) = preSolution
		Debug|Any CPU = Debug|Any CPU
		Release|Any CPU = Release|Any CPU
	EndGlobalSection
	GlobalSection(NestedProjects) = preSolution
		{038A500C-8A14-4D03-9370-09670887E92B} = {004C9FC3-ECE5-4959-99D2-550B0FC98815}
		{C054E274-6B84-46A5-A0D0-03A49FD2DAD9} = {260C58EA-CAD9-4A1E-9C1C-014DD6270628}
		{37CB9FF3-AAF8-4221-B322-4A4CADDC0F9B} = {004C9FC3-ECE5-4959-99D2-550B0FC98815}
	EndGlobalSection
	GlobalSection(ProjectConfigurationPlatforms) = postSolution
		{038A500C-8A14-4D03-9370-09670887E92B}.Debug|Any CPU.ActiveCfg = Debug|Any CPU
		{038A500C-8A14-4D03-9370-09670887E92B}.Debug|Any CPU.Build.0 = Debug|Any CPU
		{038A500C-8A14-4D03-9370-09670887E92B}.Release|Any CPU.ActiveCfg = Release|Any CPU
		{038A500C-8A14-4D03-9370-09670887E92B}.Release|Any CPU.Build.0 = Release|Any CPU
		{C054E274-6B84-46A5-A0D0-03A49FD2DAD9}.Debug|Any CPU.ActiveCfg = Debug|Any CPU
		{C054E274-6B84-46A5-A0D0-03A49FD2DAD9}.Debug|Any CPU.Build.0 = Debug|Any CPU
		{C054E274-6B84-46A5-A0D0-03A49FD2DAD9}.Release|Any CPU.ActiveCfg = Release|Any CPU
		{C054E274-6B84-46A5-A0D0-03A49FD2DAD9}.Release|Any CPU.Build.0 = Release|Any CPU
		{37CB9FF3-AAF8-4221-B322-4A4CADDC0F9B}.Debug|Any CPU.ActiveCfg = Debug|Any CPU
		{37CB9FF3-AAF8-4221-B322-4A4CADDC0F9B}.Debug|Any CPU.Build.0 = Debug|Any CPU
		{37CB9FF3-AAF8-4221-B322-4A4CADDC0F9B}.Release|Any CPU.ActiveCfg = Release|Any CPU
		{37CB9FF3-AAF8-4221-B322-4A4CADDC0F9B}.Release|Any CPU.Build.0 = Release|Any CPU
	EndGlobalSection
EndGlobal
